
Microsoft Visual Studio Solution File, Format Version 12.00
# Visual Studio Version 17
VisualStudioVersion = 17.5.002.0
MinimumVisualStudioVersion = 10.0.40219.1
Project("{9A19103F-16F7-4668-BE54-9A1E7A4F7556}") = "CargoHub", "CargoHub\CargoHub.csproj", "{24D69864-27BB-4080-9A4A-01C6BC79CE23}"
EndProject
Project("{FAE04EC0-301F-11D3-BF4B-00C04F79EFBC}") = "CargoHub.Tests", "UnitTest\CargoHub.Tests.csproj", "{FCE8573A-8095-438B-9CEC-D5E7D534DC9A}"
EndProject
Global
	GlobalSection(SolutionConfigurationPlatforms) = preSolution
		Debug|Any CPU = Debug|Any CPU
		Release|Any CPU = Release|Any CPU
	EndGlobalSection
	GlobalSection(ProjectConfigurationPlatforms) = postSolution
		{24D69864-27BB-4080-9A4A-01C6BC79CE23}.Debug|Any CPU.ActiveCfg = Debug|Any CPU
		{24D69864-27BB-4080-9A4A-01C6BC79CE23}.Debug|Any CPU.Build.0 = Debug|Any CPU
		{24D69864-27BB-4080-9A4A-01C6BC79CE23}.Release|Any CPU.ActiveCfg = Release|Any CPU
		{24D69864-27BB-4080-9A4A-01C6BC79CE23}.Release|Any CPU.Build.0 = Release|Any CPU
		{FCE8573A-8095-438B-9CEC-D5E7D534DC9A}.Debug|Any CPU.ActiveCfg = Debug|Any CPU
		{FCE8573A-8095-438B-9CEC-D5E7D534DC9A}.Debug|Any CPU.Build.0 = Debug|Any CPU
		{FCE8573A-8095-438B-9CEC-D5E7D534DC9A}.Release|Any CPU.ActiveCfg = Release|Any CPU
		{FCE8573A-8095-438B-9CEC-D5E7D534DC9A}.Release|Any CPU.Build.0 = Release|Any CPU
	EndGlobalSection
	GlobalSection(SolutionProperties) = preSolution
		HideSolutionNode = FALSE
	EndGlobalSection
	GlobalSection(ExtensibilityGlobals) = postSolution
		SolutionGuid = {A9427A8D-C376-43EC-91FB-857CC6E0073D}
	EndGlobalSection
EndGlobal
