
Microsoft Visual Studio Solution File, Format Version 12.00
# Visual Studio Version 17
VisualStudioVersion = 17.5.002.0
MinimumVisualStudioVersion = 10.0.40219.1
Project("{9A19103F-16F7-4668-BE54-9A1E7A4F7556}") = "CargoHub", "CargoHub.csproj", "{8AE884B9-15E7-461E-90B3-C87154F8D53E}"
EndProject
Global
	GlobalSection(SolutionConfigurationPlatforms) = preSolution
		Debug|Any CPU = Debug|Any CPU
		Release|Any CPU = Release|Any CPU
	EndGlobalSection
	GlobalSection(ProjectConfigurationPlatforms) = postSolution
		{8AE884B9-15E7-461E-90B3-C87154F8D53E}.Debug|Any CPU.ActiveCfg = Debug|Any CPU
		{8AE884B9-15E7-461E-90B3-C87154F8D53E}.Debug|Any CPU.Build.0 = Debug|Any CPU
		{8AE884B9-15E7-461E-90B3-C87154F8D53E}.Release|Any CPU.ActiveCfg = Release|Any CPU
		{8AE884B9-15E7-461E-90B3-C87154F8D53E}.Release|Any CPU.Build.0 = Release|Any CPU
	EndGlobalSection
	GlobalSection(SolutionProperties) = preSolution
		HideSolutionNode = FALSE
	EndGlobalSection
	GlobalSection(ExtensibilityGlobals) = postSolution
		SolutionGuid = {41541B32-2393-4473-9031-F8638A711124}
	EndGlobalSection
EndGlobal


Microsoft Visual Studio Solution File, Format Version 12.00
# Visual Studio Version 17
VisualStudioVersion = 17.5.002.0
MinimumVisualStudioVersion = 10.0.40219.1
Project("{9A19103F-16F7-4668-BE54-9A1E7A4F7556}") = "CargoHub", "CargoHub.csproj", "{BC511D8B-43E1-4685-912C-C512CFDD0E4B}"
EndProject
Global
	GlobalSection(SolutionConfigurationPlatforms) = preSolution
		Debug|Any CPU = Debug|Any CPU
		Release|Any CPU = Release|Any CPU
	EndGlobalSection
	GlobalSection(ProjectConfigurationPlatforms) = postSolution
		{BC511D8B-43E1-4685-912C-C512CFDD0E4B}.Debug|Any CPU.ActiveCfg = Debug|Any CPU
		{BC511D8B-43E1-4685-912C-C512CFDD0E4B}.Debug|Any CPU.Build.0 = Debug|Any CPU
		{BC511D8B-43E1-4685-912C-C512CFDD0E4B}.Release|Any CPU.ActiveCfg = Release|Any CPU
		{BC511D8B-43E1-4685-912C-C512CFDD0E4B}.Release|Any CPU.Build.0 = Release|Any CPU
	EndGlobalSection
	GlobalSection(SolutionProperties) = preSolution
		HideSolutionNode = FALSE
	EndGlobalSection
	GlobalSection(ExtensibilityGlobals) = postSolution
		SolutionGuid = {AE082D46-817F-4B1B-B012-98B655761520}
	EndGlobalSection
EndGlobal
